
Microsoft Visual Studio Solution File, Format Version 12.00
# Visual Studio Version 16
VisualStudioVersion = 16.0.31727.386
MinimumVisualStudioVersion = 10.0.40219.1
Project("{FAE04EC0-301F-11D3-BF4B-00C04F79EFBC}") = "FileParser", "FileParser.csproj", "{C3CC715B-C2D0-4BD3-BF59-62B523C2B89F}"
EndProject
Project("{FAE04EC0-301F-11D3-BF4B-00C04F79EFBC}") = "FileParser.UnitTests", "..\FileParser.UnitTests\FileParser.UnitTests.csproj", "{C9D0DED9-CD94-49D1-B9A9-4FD3064C6DE9}"
EndProject
Global
	GlobalSection(SolutionConfigurationPlatforms) = preSolution
		Debug|Any CPU = Debug|Any CPU
		Release|Any CPU = Release|Any CPU
	EndGlobalSection
	GlobalSection(ProjectConfigurationPlatforms) = postSolution
		{C3CC715B-C2D0-4BD3-BF59-62B523C2B89F}.Debug|Any CPU.ActiveCfg = Debug|Any CPU
		{C3CC715B-C2D0-4BD3-BF59-62B523C2B89F}.Debug|Any CPU.Build.0 = Debug|Any CPU
		{C3CC715B-C2D0-4BD3-BF59-62B523C2B89F}.Release|Any CPU.ActiveCfg = Release|Any CPU
		{C3CC715B-C2D0-4BD3-BF59-62B523C2B89F}.Release|Any CPU.Build.0 = Release|Any CPU
		{C9D0DED9-CD94-49D1-B9A9-4FD3064C6DE9}.Debug|Any CPU.ActiveCfg = Debug|Any CPU
		{C9D0DED9-CD94-49D1-B9A9-4FD3064C6DE9}.Debug|Any CPU.Build.0 = Debug|Any CPU
		{C9D0DED9-CD94-49D1-B9A9-4FD3064C6DE9}.Release|Any CPU.ActiveCfg = Release|Any CPU
		{C9D0DED9-CD94-49D1-B9A9-4FD3064C6DE9}.Release|Any CPU.Build.0 = Release|Any CPU
	EndGlobalSection
	GlobalSection(SolutionProperties) = preSolution
		HideSolutionNode = FALSE
	EndGlobalSection
	GlobalSection(ExtensibilityGlobals) = postSolution
		SolutionGuid = {EA46C373-F418-4BF9-A77B-E5BA0ADCDFD8}
	EndGlobalSection
EndGlobal
